
Microsoft Visual Studio Solution File, Format Version 12.00
# Visual Studio Version 16
VisualStudioVersion = 16.0.30225.117
MinimumVisualStudioVersion = 10.0.40219.1
Project("{FAE04EC0-301F-11D3-BF4B-00C04F79EFBC}") = "chatAppllicationSignalR-19-09-2020", "chatAppllicationSignalR-19-09-2020\chatAppllicationSignalR-19-09-2020.csproj", "{69FBA2A0-C4E3-458A-9047-FAAAD6C0EE0B}"
EndProject
Global
	GlobalSection(SolutionConfigurationPlatforms) = preSolution
		Debug|Any CPU = Debug|Any CPU
		Release|Any CPU = Release|Any CPU
	EndGlobalSection
	GlobalSection(ProjectConfigurationPlatforms) = postSolution
		{69FBA2A0-C4E3-458A-9047-FAAAD6C0EE0B}.Debug|Any CPU.ActiveCfg = Debug|Any CPU
		{69FBA2A0-C4E3-458A-9047-FAAAD6C0EE0B}.Debug|Any CPU.Build.0 = Debug|Any CPU
		{69FBA2A0-C4E3-458A-9047-FAAAD6C0EE0B}.Release|Any CPU.ActiveCfg = Release|Any CPU
		{69FBA2A0-C4E3-458A-9047-FAAAD6C0EE0B}.Release|Any CPU.Build.0 = Release|Any CPU
	EndGlobalSection
	GlobalSection(SolutionProperties) = preSolution
		HideSolutionNode = FALSE
	EndGlobalSection
	GlobalSection(ExtensibilityGlobals) = postSolution
		SolutionGuid = {14BC953D-57B2-4F28-9FD7-5A9FC7D83701}
	EndGlobalSection
EndGlobal
